
Microsoft Visual Studio Solution File, Format Version 12.00
# Visual Studio Version 17
VisualStudioVersion = 17.5.33502.453
MinimumVisualStudioVersion = 10.0.40219.1
Project("{FAE04EC0-301F-11D3-BF4B-00C04F79EFBC}") = "Lista-05_3014835", "Lista-05_3014835\Lista-05_3014835.csproj", "{47715F19-5346-401F-8688-1FA77AB75989}"
EndProject
Global
	GlobalSection(SolutionConfigurationPlatforms) = preSolution
		Debug|Any CPU = Debug|Any CPU
		Release|Any CPU = Release|Any CPU
	EndGlobalSection
	GlobalSection(ProjectConfigurationPlatforms) = postSolution
		{47715F19-5346-401F-8688-1FA77AB75989}.Debug|Any CPU.ActiveCfg = Debug|Any CPU
		{47715F19-5346-401F-8688-1FA77AB75989}.Debug|Any CPU.Build.0 = Debug|Any CPU
		{47715F19-5346-401F-8688-1FA77AB75989}.Release|Any CPU.ActiveCfg = Release|Any CPU
		{47715F19-5346-401F-8688-1FA77AB75989}.Release|Any CPU.Build.0 = Release|Any CPU
	EndGlobalSection
	GlobalSection(SolutionProperties) = preSolution
		HideSolutionNode = FALSE
	EndGlobalSection
	GlobalSection(ExtensibilityGlobals) = postSolution
		SolutionGuid = {E63FC58F-B37B-432B-B925-44A961408EEF}
	EndGlobalSection
EndGlobal
